# This file is automatically @generated by Poetry 2.3.1 and should not be changed by hand.

[[package]]
name = "easy-logging"
version = "1.0.0"
description = "Reusable logging setup helper with console and rotating file handlers."
optional = false
python-versions = ">=3.10"
groups = ["main"]
files = []
develop = false

[package.source]
type = "git"
url = "https://github.com/Beliypozhizni/EasyLogging.git"
reference = "v.1.0.0"
resolved_reference = "bfcc6f2dacb79c1be253a4370ca3936e452d2179"

[metadata]
lock-version = "2.1"
python-versions = ">=3.13"
content-hash = "43fffa3b8582495a37b3675859f0ff0016694aa75214083d6b4b79993f4280ac"
